
Microsoft Visual Studio Solution File, Format Version 12.00
# Visual Studio Version 16
VisualStudioVersion = 16.0.30804.86
MinimumVisualStudioVersion = 10.0.40219.1
Project("{FAE04EC0-301F-11D3-BF4B-00C04F79EFBC}") = "ORP_API", "ORP_API\ORP_API.csproj", "{23D8A470-3E45-4ECD-A954-01328DED0C7D}"
EndProject
Global
	GlobalSection(SolutionConfigurationPlatforms) = preSolution
		Debug|Any CPU = Debug|Any CPU
		Release|Any CPU = Release|Any CPU
	EndGlobalSection
	GlobalSection(ProjectConfigurationPlatforms) = postSolution
		{23D8A470-3E45-4ECD-A954-01328DED0C7D}.Debug|Any CPU.ActiveCfg = Debug|Any CPU
		{23D8A470-3E45-4ECD-A954-01328DED0C7D}.Debug|Any CPU.Build.0 = Debug|Any CPU
		{23D8A470-3E45-4ECD-A954-01328DED0C7D}.Release|Any CPU.ActiveCfg = Release|Any CPU
		{23D8A470-3E45-4ECD-A954-01328DED0C7D}.Release|Any CPU.Build.0 = Release|Any CPU
	EndGlobalSection
	GlobalSection(SolutionProperties) = preSolution
		HideSolutionNode = FALSE
	EndGlobalSection
	GlobalSection(ExtensibilityGlobals) = postSolution
		SolutionGuid = {442B1E45-55B5-458F-9207-55028D99468E}
	EndGlobalSection
EndGlobal
